# THIS IS AN AUTOGENERATED FILE. DO NOT EDIT THIS FILE DIRECTLY.
# yarn lockfile v1


"@ckeditor/ckeditor5-adapter-ckfinder@^33.0.0":
  version "33.0.0"
  resolved "https://registry.yarnpkg.com/@ckeditor/ckeditor5-adapter-ckfinder/-/ckeditor5-adapter-ckfinder-33.0.0.tgz#e10d4ad33f0ffdfe8be018e39da5febf8b7424c9"
  integrity sha512-q2VlCvPKeNJYrL0edLI39EzLv9stmTSvHKD4dvcRECp+JqlRC9SjX04dYNDCC+ZSyLjIy/3wOIqxmxvJILQ+7w==
  dependencies:
    ckeditor5 "^33.0.0"

"@ckeditor/ckeditor5-autoformat@^33.0.0":
  version "33.0.0"
  resolved "https://registry.yarnpkg.com/@ckeditor/ckeditor5-autoformat/-/ckeditor5-autoformat-33.0.0.tgz#aa0d01d8a021a1ef3ec4d57cbd1d932bc02bce2c"
  integrity sha512-UnHPuA62uN2UfD+WwXLAZGV86EUQqxEUdAI7CXvcXBMz6S8P687aakHMs20p+iuxdcRLyN4slDdpumpVHr2D/g==
  dependencies:
    ckeditor5 "^33.0.0"

"@ckeditor/ckeditor5-basic-styles@^33.0.0":
  version "33.0.0"
  resolved "https://registry.yarnpkg.com/@ckeditor/ckeditor5-basic-styles/-/ckeditor5-basic-styles-33.0.0.tgz#cff469c745921ffa6e108929e71619ff4adcc787"
  integrity sha512-cg8wlUelIPMOW7vDPQpYDcfN6XzR84u6HFyfCO+KnH0L5KerMm4qfA4bVZ+LksJWyxbu1plTvabq5inua2bUvw==
  dependencies:
    ckeditor5 "^33.0.0"

"@ckeditor/ckeditor5-block-quote@^33.0.0":
  version "33.0.0"
  resolved "https://registry.yarnpkg.com/@ckeditor/ckeditor5-block-quote/-/ckeditor5-block-quote-33.0.0.tgz#6272da0bb21807cfbad3118e3a0c354da4de914c"
  integrity sha512-ACP+nNz7hOV/u3/dcdQsG2Hk2AG7UvjNLEU1k4X4dg0MxANqpmTyfYDmofV7mUZ5fllFI3uuLabg81eLHlv1Xw==
  dependencies:
    ckeditor5 "^33.0.0"

"@ckeditor/ckeditor5-build-classic@^33.0.0":
  version "33.0.0"
  resolved "https://registry.yarnpkg.com/@ckeditor/ckeditor5-build-classic/-/ckeditor5-build-classic-33.0.0.tgz#2fba5c9f8b182c65cda71cfdd3397df95c23d07e"
  integrity sha512-OyWPhUwi44OzMefReKUKWk8joKnmLJPEcB+GpEeonsB11AjGNFJejQirsDBnp0oryLxpt2/zq9APyABFVs9oBA==
  dependencies:
    "@ckeditor/ckeditor5-adapter-ckfinder" "^33.0.0"
    "@ckeditor/ckeditor5-autoformat" "^33.0.0"
    "@ckeditor/ckeditor5-basic-styles" "^33.0.0"
    "@ckeditor/ckeditor5-block-quote" "^33.0.0"
    "@ckeditor/ckeditor5-ckfinder" "^33.0.0"
    "@ckeditor/ckeditor5-cloud-services" "^33.0.0"
    "@ckeditor/ckeditor5-easy-image" "^33.0.0"
    "@ckeditor/ckeditor5-editor-classic" "^33.0.0"
    "@ckeditor/ckeditor5-essentials" "^33.0.0"
    "@ckeditor/ckeditor5-heading" "^33.0.0"
    "@ckeditor/ckeditor5-image" "^33.0.0"
    "@ckeditor/ckeditor5-indent" "^33.0.0"
    "@ckeditor/ckeditor5-link" "^33.0.0"
    "@ckeditor/ckeditor5-list" "^33.0.0"
    "@ckeditor/ckeditor5-media-embed" "^33.0.0"
    "@ckeditor/ckeditor5-paragraph" "^33.0.0"
    "@ckeditor/ckeditor5-paste-from-office" "^33.0.0"
    "@ckeditor/ckeditor5-table" "^33.0.0"
    "@ckeditor/ckeditor5-typing" "^33.0.0"

"@ckeditor/ckeditor5-ckfinder@^33.0.0":
  version "33.0.0"
  resolved "https://registry.yarnpkg.com/@ckeditor/ckeditor5-ckfinder/-/ckeditor5-ckfinder-33.0.0.tgz#d925707dac4e4ffb53f6a7bdf3016316771d35b5"
  integrity sha512-LkOIHZJWKz6P8OWt04okccSxV/8NR751q4g7dUDwxf/u+JuV7WlPURp0wy5s22sIJPZHSa/nitF9o5wd98bcnQ==
  dependencies:
    ckeditor5 "^33.0.0"

"@ckeditor/ckeditor5-clipboard@^33.0.0":
  version "33.0.0"
  resolved "https://registry.yarnpkg.com/@ckeditor/ckeditor5-clipboard/-/ckeditor5-clipboard-33.0.0.tgz#86103e055202a748e5735f2b60a0060c3937a443"
  integrity sha512-/2DHhIm6/ubaB4veLJbJ24earj3en5z0orzLA0mPCTT4ATag7C0YZ9+cyQZYLBbxbjPmOdMmR7jiM8Yw84AdNQ==
  dependencies:
    "@ckeditor/ckeditor5-core" "^33.0.0"
    "@ckeditor/ckeditor5-engine" "^33.0.0"
    "@ckeditor/ckeditor5-utils" "^33.0.0"
    "@ckeditor/ckeditor5-widget" "^33.0.0"
    lodash-es "^4.17.11"

"@ckeditor/ckeditor5-cloud-services@^33.0.0":
  version "33.0.0"
  resolved "https://registry.yarnpkg.com/@ckeditor/ckeditor5-cloud-services/-/ckeditor5-cloud-services-33.0.0.tgz#104c4fa371a7c86604266fab264a75b9a8b3e64c"
  integrity sha512-/Ohjy+UJE6m6dbx1XpFJ/ASU+o1a97FmiVU/fUD92Iywz1DFKzSb+xP8NcKpvez+P1OOOQDvhNwx/Gzclx51lw==
  dependencies:
    ckeditor5 "^33.0.0"

"@ckeditor/ckeditor5-core@^33.0.0":
  version "33.0.0"
  resolved "https://registry.yarnpkg.com/@ckeditor/ckeditor5-core/-/ckeditor5-core-33.0.0.tgz#0960d9b975700c3df1037578e919e2c081d94935"
  integrity sha512-ciYryUdtckV/lGcmT9cTo5ZG12xpM8k1liMDCHs8tT/J8iq35JwSoiZGM3S9lhXLk7SB7hC2jd2JsugMoEzrFA==
  dependencies:
    "@ckeditor/ckeditor5-engine" "^33.0.0"
    "@ckeditor/ckeditor5-ui" "^33.0.0"
    "@ckeditor/ckeditor5-utils" "^33.0.0"
    lodash-es "^4.17.15"

"@ckeditor/ckeditor5-easy-image@^33.0.0":
  version "33.0.0"
  resolved "https://registry.yarnpkg.com/@ckeditor/ckeditor5-easy-image/-/ckeditor5-easy-image-33.0.0.tgz#334290effe0ebdf2f306893d5840bc8cf9323983"
  integrity sha512-HMj+Psqt6vXj3B7Ki2Ch5BZD6I8I+j9PL40QZuF7fkmV/fzJjCRYhu7Byzxvu/ZgjASJzxn7omOwdA04+dXeqg==
  dependencies:
    ckeditor5 "^33.0.0"

"@ckeditor/ckeditor5-editor-classic@^33.0.0":
  version "33.0.0"
  resolved "https://registry.yarnpkg.com/@ckeditor/ckeditor5-editor-classic/-/ckeditor5-editor-classic-33.0.0.tgz#20b15be497089d509a9f284944f2b67bb62df614"
  integrity sha512-3KYvy7+Gj11NVgBXpL3CqeqeWcIJQlIyc73ODpK2+q9bkBk/1M4w6ZX0e5g+Pv3Q2h4bgfitWfXkfJBXXIrAYw==
  dependencies:
    ckeditor5 "^33.0.0"
    lodash-es "^4.17.15"

"@ckeditor/ckeditor5-engine@^33.0.0":
  version "33.0.0"
  resolved "https://registry.yarnpkg.com/@ckeditor/ckeditor5-engine/-/ckeditor5-engine-33.0.0.tgz#d68ac30ade1ea97eada5fa0f12f586dd378b9acf"
  integrity sha512-dZIcj8f80s+4RxJaWZWoxK2E8OHDFGi8FDayqNy65lJp97ks4O5QCYm5N3/RRwaHqFtX0MkiCX0uTAKU6mTXCg==
  dependencies:
    "@ckeditor/ckeditor5-utils" "^33.0.0"
    lodash-es "^4.17.15"

"@ckeditor/ckeditor5-enter@^33.0.0":
  version "33.0.0"
  resolved "https://registry.yarnpkg.com/@ckeditor/ckeditor5-enter/-/ckeditor5-enter-33.0.0.tgz#283374671ff94ef58959a2d6814f0ed93897fbe7"
  integrity sha512-L7viqPLQ2vJBlCWGR8CJGfu1uuwyxMvwj+r3GeCkd3QV+E9PHAzrslc8V4WIyUk9DUcFuuZaF4iT7NZapmWmvg==
  dependencies:
    "@ckeditor/ckeditor5-core" "^33.0.0"
    "@ckeditor/ckeditor5-engine" "^33.0.0"
    "@ckeditor/ckeditor5-utils" "^33.0.0"

"@ckeditor/ckeditor5-essentials@^33.0.0":
  version "33.0.0"
  resolved "https://registry.yarnpkg.com/@ckeditor/ckeditor5-essentials/-/ckeditor5-essentials-33.0.0.tgz#d83054207239cd61f143fc07e355368cb98e5d71"
  integrity sha512-KXvyQ5Z/AGD0iTTnP4GMfTWrIY0Sip6kes7uqqbGdrCL/fINzUPywRSkgB5c9LBFleX/H12x5Cyn1lhof9zdiw==
  dependencies:
    ckeditor5 "^33.0.0"

"@ckeditor/ckeditor5-heading@^33.0.0":
  version "33.0.0"
  resolved "https://registry.yarnpkg.com/@ckeditor/ckeditor5-heading/-/ckeditor5-heading-33.0.0.tgz#892b8c2a8760070a63f44c00aeb94df99a3ceb02"
  integrity sha512-rYvl0uTN4FcSNU+X/PQXMeeCbfgHGXYqY5ZPfqmNYq3lrtnWDqaapoJiIh8ybeotQ8DDT3tCB+2drlhgKJwbkw==
  dependencies:
    ckeditor5 "^33.0.0"

"@ckeditor/ckeditor5-image@^33.0.0":
  version "33.0.0"
  resolved "https://registry.yarnpkg.com/@ckeditor/ckeditor5-image/-/ckeditor5-image-33.0.0.tgz#8c02852ff8df56c23a0514c19907d69f2cd4c8d9"
  integrity sha512-Wal6j90JCspz1dvAjmDgNZj1UrqmDk54arXORn2deaVPCY5E7VSdaCPH4uSMT2Rppc6DQoidSxczXYnDkyCJxw==
  dependencies:
    "@ckeditor/ckeditor5-ui" "^33.0.0"
    ckeditor5 "^33.0.0"
    lodash-es "^4.17.15"

"@ckeditor/ckeditor5-indent@^33.0.0":
  version "33.0.0"
  resolved "https://registry.yarnpkg.com/@ckeditor/ckeditor5-indent/-/ckeditor5-indent-33.0.0.tgz#4c98779a1e88eaa169b45be737f056458fd34fdd"
  integrity sha512-PmI86z61/3XxhHTnMwqvfKBtBvnL+9OTqZRfh6IxO5onnj6sUsky8SD6J54MTynObZ1hSqqzToRQWg79A85LuQ==
  dependencies:
    ckeditor5 "^33.0.0"

"@ckeditor/ckeditor5-link@^33.0.0":
  version "33.0.0"
  resolved "https://registry.yarnpkg.com/@ckeditor/ckeditor5-link/-/ckeditor5-link-33.0.0.tgz#f6fd09c73557b0c75c00e62dfc0a55431ceca4b5"
  integrity sha512-KYejz6JuaKErtioN3/OkH31MBZen5g790FlBTvcSQUeCrajYJXfxXv6OaTNWgf4VM7pP8/NaRQ6MGICNn/imUw==
  dependencies:
    "@ckeditor/ckeditor5-ui" "^33.0.0"
    ckeditor5 "^33.0.0"
    lodash-es "^4.17.15"

"@ckeditor/ckeditor5-list@^33.0.0":
  version "33.0.0"
  resolved "https://registry.yarnpkg.com/@ckeditor/ckeditor5-list/-/ckeditor5-list-33.0.0.tgz#0e3ee9875e088989c3cac9084749d65cee8fe3b0"
  integrity sha512-duBpQFwfntztoFOoiAaSJFHIMuOzyN8PnGqgZ/ackt8jP2x2+1dViE6tAuHQz2KRsPCSAcW7NQlFOkma9+yFdg==
  dependencies:
    "@ckeditor/ckeditor5-ui" "^33.0.0"
    ckeditor5 "^33.0.0"

"@ckeditor/ckeditor5-media-embed@^33.0.0":
  version "33.0.0"
  resolved "https://registry.yarnpkg.com/@ckeditor/ckeditor5-media-embed/-/ckeditor5-media-embed-33.0.0.tgz#289f589e5bc7e54bead9d4a7b1c9f1b76a19198e"
  integrity sha512-gtIoQC/s4D7EsXYIawaLInTNX0H8RcUHSSRewO9F5C/LtVmkwhyMJ9H6DSPrPmhgOiDcJVfkQUaF5q8EPIt8Fw==
  dependencies:
    "@ckeditor/ckeditor5-ui" "^33.0.0"
    ckeditor5 "^33.0.0"

"@ckeditor/ckeditor5-paragraph@^33.0.0":
  version "33.0.0"
  resolved "https://registry.yarnpkg.com/@ckeditor/ckeditor5-paragraph/-/ckeditor5-paragraph-33.0.0.tgz#f918011da8a2eb85a99bce126ee91aa16ab38c52"
  integrity sha512-uYCKWTWh/XmLKrcJB4FjW7F7aTW916U9nkpnzD5tWTOvh8Dl2MqpK9WpH+nCIi68suPVKjgYszAdNKOlUcF9oQ==
  dependencies:
    "@ckeditor/ckeditor5-core" "^33.0.0"
    "@ckeditor/ckeditor5-ui" "^33.0.0"
    "@ckeditor/ckeditor5-utils" "^33.0.0"

"@ckeditor/ckeditor5-paste-from-office@^33.0.0":
  version "33.0.0"
  resolved "https://registry.yarnpkg.com/@ckeditor/ckeditor5-paste-from-office/-/ckeditor5-paste-from-office-33.0.0.tgz#0bcf20b2bf0b04d507bdf17a6e0266aabebbf80a"
  integrity sha512-URUmnydab7IGogPNN5kXa8uVuHgqaIcXzbAW+UC0U7zFuwZymArnwk4g6aybfaDdMdYGbhzX2O+qrg9bXu06XA==
  dependencies:
    ckeditor5 "^33.0.0"

"@ckeditor/ckeditor5-react@^4.0.0":
  version "4.0.0"
  resolved "https://registry.yarnpkg.com/@ckeditor/ckeditor5-react/-/ckeditor5-react-4.0.0.tgz#7b5752ce3c95dfee076eaf759bbfe626dd333541"
  integrity sha512-1plYEDhrH+7HJ4FSSFxAimxj0RW+s8DspgdiMKQWuB2N2GeKLURMou36GySueQZLC8BYFOv0uPhwXYYwpit3jQ==
  dependencies:
    prop-types "^15.7.2"

"@ckeditor/ckeditor5-select-all@^33.0.0":
  version "33.0.0"
  resolved "https://registry.yarnpkg.com/@ckeditor/ckeditor5-select-all/-/ckeditor5-select-all-33.0.0.tgz#88f7d2bcf008bd29d7f1f5cc8d6cc7a1c432bfb0"
  integrity sha512-Srdp1vQtl3G0f7jgxerO+6oWuqcOs8zNtCKPgVAZICI3WJZZpC5QU4R7ouB2ESKhCL2nkRLMUB7j1+15mPj6Jg==
  dependencies:
    "@ckeditor/ckeditor5-core" "^33.0.0"
    "@ckeditor/ckeditor5-ui" "^33.0.0"
    "@ckeditor/ckeditor5-utils" "^33.0.0"

"@ckeditor/ckeditor5-table@^33.0.0":
  version "33.0.0"
  resolved "https://registry.yarnpkg.com/@ckeditor/ckeditor5-table/-/ckeditor5-table-33.0.0.tgz#40e01ca779840c40dde2f40c6086799679260fad"
  integrity sha512-sg7f0Yh9ax2oYT8YcnE4ZnI6L/oiGsfQPZQtSRiHA+whJUPf7DEAUr5bB/6CN7c/EmYM4LAixZUfp6kUnZuCsw==
  dependencies:
    ckeditor5 "^33.0.0"
    lodash-es "^4.17.15"

"@ckeditor/ckeditor5-typing@^33.0.0":
  version "33.0.0"
  resolved "https://registry.yarnpkg.com/@ckeditor/ckeditor5-typing/-/ckeditor5-typing-33.0.0.tgz#2c769bdbc7e2070b4b6bc64853dc019d77c68b91"
  integrity sha512-OxRoGe1+KmvK5toG5b5HS2G1So/tdAtxzY2jQR5Zmi6XkpPHx1vNBUHfPP9eB5d6qcxKpp/EjjLkk0q4EN2b+A==
  dependencies:
    "@ckeditor/ckeditor5-core" "^33.0.0"
    "@ckeditor/ckeditor5-engine" "^33.0.0"
    "@ckeditor/ckeditor5-utils" "^33.0.0"
    lodash-es "^4.17.15"

"@ckeditor/ckeditor5-ui@^33.0.0":
  version "33.0.0"
  resolved "https://registry.yarnpkg.com/@ckeditor/ckeditor5-ui/-/ckeditor5-ui-33.0.0.tgz#a7f815fcaecfec389a6a39142b607008870a65e8"
  integrity sha512-T/H28BpORjciUb8EaYIdkWbDx9jsKqhQmIkx1huEpoMi0HNQcfwqyHEOlfLFZGAupEXLIlO7zmTCxGYbpCmVsQ==
  dependencies:
    "@ckeditor/ckeditor5-core" "^33.0.0"
    "@ckeditor/ckeditor5-utils" "^33.0.0"
    lodash-es "^4.17.15"

"@ckeditor/ckeditor5-undo@^33.0.0":
  version "33.0.0"
  resolved "https://registry.yarnpkg.com/@ckeditor/ckeditor5-undo/-/ckeditor5-undo-33.0.0.tgz#759e2d8a7311242aa2e9f883f26765c9eb1ee3ff"
  integrity sha512-GvM5OAHMhnO/RYFNAKykrjAEPaPk7RWachp50Fl5P8IE37fmnf2pLAfSJFhr+Al2FzOGzsx7SNc308DnOOiXDQ==
  dependencies:
    "@ckeditor/ckeditor5-core" "^33.0.0"
    "@ckeditor/ckeditor5-engine" "^33.0.0"
    "@ckeditor/ckeditor5-ui" "^33.0.0"

"@ckeditor/ckeditor5-upload@^33.0.0":
  version "33.0.0"
  resolved "https://registry.yarnpkg.com/@ckeditor/ckeditor5-upload/-/ckeditor5-upload-33.0.0.tgz#45a90142969bf2f47e9ec8c952d09a59304066dd"
  integrity sha512-Bhp7fh8k7UVc82uyjTPy64T180FgV7S1vngjVFAT2hj2JXDyy+PgEU5pFpVSc5OaMovk0w2NC3bNv7aYiSIr7g==
  dependencies:
    "@ckeditor/ckeditor5-core" "^33.0.0"
    "@ckeditor/ckeditor5-ui" "^33.0.0"
    "@ckeditor/ckeditor5-utils" "^33.0.0"

"@ckeditor/ckeditor5-utils@^33.0.0":
  version "33.0.0"
  resolved "https://registry.yarnpkg.com/@ckeditor/ckeditor5-utils/-/ckeditor5-utils-33.0.0.tgz#ff7e46d86cdc1c63d0473e6091f8c1ef7fac1028"
  integrity sha512-6XEv4CPUI86Rmk49BxPe+GoUzVUxJAykKOhhKTRcAa6JfKsFuop/j7rqlGCd87X3rxE3/lpzoamQs5D0WKMW6w==
  dependencies:
    lodash-es "^4.17.15"

"@ckeditor/ckeditor5-widget@^33.0.0":
  version "33.0.0"
  resolved "https://registry.yarnpkg.com/@ckeditor/ckeditor5-widget/-/ckeditor5-widget-33.0.0.tgz#8759b021ef9b3a8df4c8c7d7411c17d2c42f5928"
  integrity sha512-4GFsYQ5UQlQm46nTyQTp8RLZbSlRZ2DV/sgG3ZcC8f1Ar7CSDo1evJ5cE9XZCdi26S7QCIjRbYE4YDGgUV0Trw==
  dependencies:
    "@ckeditor/ckeditor5-core" "^33.0.0"
    "@ckeditor/ckeditor5-engine" "^33.0.0"
    "@ckeditor/ckeditor5-enter" "^33.0.0"
    "@ckeditor/ckeditor5-typing" "^33.0.0"
    "@ckeditor/ckeditor5-ui" "^33.0.0"
    "@ckeditor/ckeditor5-utils" "^33.0.0"
    lodash-es "^4.17.15"

ckeditor5@^33.0.0:
  version "33.0.0"
  resolved "https://registry.yarnpkg.com/ckeditor5/-/ckeditor5-33.0.0.tgz#7ad707f1be611c6fafa30d67abf9d3f1706d4524"
  integrity sha512-KW1NkNFHEch8SsaUE3Gc1NcBETd4qYHuMsTHFkfQWRYKIBqu1kH5csZbERG3RW93K0EzBYZJqyxWMjJzBmK9ZA==
  dependencies:
    "@ckeditor/ckeditor5-clipboard" "^33.0.0"
    "@ckeditor/ckeditor5-core" "^33.0.0"
    "@ckeditor/ckeditor5-engine" "^33.0.0"
    "@ckeditor/ckeditor5-enter" "^33.0.0"
    "@ckeditor/ckeditor5-paragraph" "^33.0.0"
    "@ckeditor/ckeditor5-select-all" "^33.0.0"
    "@ckeditor/ckeditor5-typing" "^33.0.0"
    "@ckeditor/ckeditor5-ui" "^33.0.0"
    "@ckeditor/ckeditor5-undo" "^33.0.0"
    "@ckeditor/ckeditor5-upload" "^33.0.0"
    "@ckeditor/ckeditor5-utils" "^33.0.0"
    "@ckeditor/ckeditor5-widget" "^33.0.0"

"js-tokens@^3.0.0 || ^4.0.0":
  version "4.0.0"
  resolved "https://registry.yarnpkg.com/js-tokens/-/js-tokens-4.0.0.tgz#19203fb59991df98e3a287050d4647cdeaf32499"
  integrity sha512-RdJUflcE3cUzKiMqQgsCu06FPu9UdIJO0beYbPhHN4k6apgJtifcoCtT9bcxOpYBtpD2kCM6Sbzg4CausW/PKQ==

lodash-es@^4.17.11, lodash-es@^4.17.15:
  version "4.17.21"
  resolved "https://registry.yarnpkg.com/lodash-es/-/lodash-es-4.17.21.tgz#43e626c46e6591b7750beb2b50117390c609e3ee"
  integrity sha512-mKnC+QJ9pWVzv+C4/U3rRsHapFfHvQFoFB92e52xeyGMcX6/OlIl78je1u8vePzYZSkkogMPJ2yjxxsb89cxyw==

loose-envify@^1.4.0:
  version "1.4.0"
  resolved "https://registry.yarnpkg.com/loose-envify/-/loose-envify-1.4.0.tgz#71ee51fa7be4caec1a63839f7e682d8132d30caf"
  integrity sha512-lyuxPGr/Wfhrlem2CL/UcnUc1zcqKAImBDzukY7Y5F/yQiNdko6+fRLevlw1HgMySw7f611UIY408EtxRSoK3Q==
  dependencies:
    js-tokens "^3.0.0 || ^4.0.0"

object-assign@^4.1.1:
  version "4.1.1"
  resolved "https://registry.yarnpkg.com/object-assign/-/object-assign-4.1.1.tgz#2109adc7965887cfc05cbbd442cac8bfbb360863"
  integrity sha1-IQmtx5ZYh8/AXLvUQsrIv7s2CGM=

prop-types@^15.7.2:
  version "15.8.1"
  resolved "https://registry.yarnpkg.com/prop-types/-/prop-types-15.8.1.tgz#67d87bf1a694f48435cf332c24af10214a3140b5"
  integrity sha512-oj87CgZICdulUohogVAR7AjlC0327U4el4L6eAvOqCeudMDVU0NThNaV+b9Df4dXgSP1gXMTnPdhfe/2qDH5cg==
  dependencies:
    loose-envify "^1.4.0"
    object-assign "^4.1.1"
    react-is "^16.13.1"

react-is@^16.13.1:
  version "16.13.1"
  resolved "https://registry.yarnpkg.com/react-is/-/react-is-16.13.1.tgz#789729a4dc36de2999dc156dd6c1d9c18cea56a4"
  integrity sha512-24e6ynE2H+OKt4kqsOvNd8kBpV65zoxbA4BVsEOB3ARVWQki/DHzaUoC5KuON/BiccDaCCTZBuOcfZs70kR8bQ==
